PODS:
  - SnapKit (4.0.1)
  - TLIndexPathTools (0.4.4)
  - VNBase (0.1.1):
    - SnapKit (~> 4.0.1)
    - TLIndexPathTools (~> 0.4.4)

DEPENDENCIES:
  - VNBase (from `../`)

SPEC REPOS:
  https://github.com/cocoapods/specs.git:
    - SnapKit
    - TLIndexPathTools

EXTERNAL SOURCES:
  VNBase:
    :path: "../"

SPEC CHECKSUMS:
  SnapKit: 0de968a9fec17499afa29683b05d0c775b6d1c29
  TLIndexPathTools: 956bf0686bcd5e7dc8e2c408d28e7a312ec268a1
  VNBase: 934c1deb02ed9ab3f2afccebc727f0af74b8c363

PODFILE CHECKSUM: 5aaf0d01b0a2fb9185668aa29bbe93963653ac6f

COCOAPODS: 1.6.0.beta.1
