PODS:
  - SnapKit (4.2.0)
  - VNBase (0.3.7):
    - SnapKit (~> 4.2.0)

DEPENDENCIES:
  - VNBase (from `../`)

SPEC REPOS:
  https://github.com/CocoaPods/Specs.git:
    - SnapKit

EXTERNAL SOURCES:
  VNBase:
    :path: "../"

SPEC CHECKSUMS:
  SnapKit: fe8a619752f3f27075cc9a90244d75c6c3f27e2a
  VNBase: c3eb8c02f71f93648658ec32002bc78ac94dd0ff

PODFILE CHECKSUM: 7f7767978f2c06429b26a611db28e0abd0e18bcc

COCOAPODS: 1.8.4
