{
  "object": {
    "pins": [
      {
        "package": "SnapKit",
        "repositoryURL": "https://github.com/teanet/SnapKit",
        "state": {
          "branch": "develop",
          "revision": "122a81b8b717e4fed25187749b8f340165e60170",
          "version": null
        }
      }
    ]
  },
  "version": 1
}
