PODS:
  - SnapKit (5.0.1)
  - SwiftLint (0.49.1)
  - VNBase (0.4.62):
    - SnapKit
    - VNEssential
    - VNHandlers
  - VNEssential (0.4.62)
  - VNHandlers (0.4.62)

DEPENDENCIES:
  - SnapKit
  - SwiftLint
  - VNBase (from `./`)
  - VNEssential (from `./`)
  - VNHandlers (from `./`)

SPEC REPOS:
  trunk:
    - SnapKit
    - SwiftLint

EXTERNAL SOURCES:
  VNBase:
    :path: "./"
  VNEssential:
    :path: "./"
  VNHandlers:
    :path: "./"

SPEC CHECKSUMS:
  SnapKit: 97b92857e3df3a0c71833cce143274bf6ef8e5eb
  SwiftLint: 32ee33ded0636d0905ef6911b2b67bbaeeedafa5
  VNBase: 21780f1a75b9737563ff6e92323d6f563c171631
  VNEssential: 00eec0a20bd2dad30efa446f664345fe815eab17
  VNHandlers: 1817ccac7b0e1b1bfcadea91d73f4f838bc875e6

PODFILE CHECKSUM: f2a3da3cf3fc9b563581ebcc52e9c245233b2b9d

COCOAPODS: 1.10.1
